
Microsoft Visual Studio Solution File, Format Version 12.00
# Visual Studio 14
VisualStudioVersion = 14.0.25420.1
MinimumVisualStudioVersion = 10.0.40219.1
Project("{888888A0-9F3D-457C-B088-3A5042F75D52}") = "Week1", "Week1\Week1.pyproj", "{5378540E-CFB8-436B-A992-93DC01D05F48}"
EndProject
Project("{888888A0-9F3D-457C-B088-3A5042F75D52}") = "Week3", "Week3\Week3.pyproj", "{091CC544-C3C4-47FD-BCF0-D72C13FF4872}"
EndProject
Project("{888888A0-9F3D-457C-B088-3A5042F75D52}") = "Week4", "Week4\Week4.pyproj", "{E423B501-4B30-4E73-871B-2B59F6B25C7F}"
EndProject
Project("{888888A0-9F3D-457C-B088-3A5042F75D52}") = "Week5", "Week5\Week5.pyproj", "{4B81C812-DCE8-4ACF-8F0A-5CEFD45889FC}"
EndProject
Project("{888888A0-9F3D-457C-B088-3A5042F75D52}") = "Week6", "Week6\Week6.pyproj", "{950A5D2A-87C3-4203-83D9-7A3906679AAF}"
EndProject
Global
	GlobalSection(SolutionConfigurationPlatforms) = preSolution
		Debug|Any CPU = Debug|Any CPU
		Release|Any CPU = Release|Any CPU
	EndGlobalSection
	GlobalSection(ProjectConfigurationPlatforms) = postSolution
		{5378540E-CFB8-436B-A992-93DC01D05F48}.Debug|Any CPU.ActiveCfg = Debug|Any CPU
		{5378540E-CFB8-436B-A992-93DC01D05F48}.Release|Any CPU.ActiveCfg = Release|Any CPU
		{091CC544-C3C4-47FD-BCF0-D72C13FF4872}.Debug|Any CPU.ActiveCfg = Debug|Any CPU
		{091CC544-C3C4-47FD-BCF0-D72C13FF4872}.Release|Any CPU.ActiveCfg = Release|Any CPU
		{E423B501-4B30-4E73-871B-2B59F6B25C7F}.Debug|Any CPU.ActiveCfg = Debug|Any CPU
		{E423B501-4B30-4E73-871B-2B59F6B25C7F}.Release|Any CPU.ActiveCfg = Release|Any CPU
		{4B81C812-DCE8-4ACF-8F0A-5CEFD45889FC}.Debug|Any CPU.ActiveCfg = Debug|Any CPU
		{4B81C812-DCE8-4ACF-8F0A-5CEFD45889FC}.Release|Any CPU.ActiveCfg = Release|Any CPU
		{950A5D2A-87C3-4203-83D9-7A3906679AAF}.Debug|Any CPU.ActiveCfg = Debug|Any CPU
		{950A5D2A-87C3-4203-83D9-7A3906679AAF}.Release|Any CPU.ActiveCfg = Release|Any CPU
	EndGlobalSection
	GlobalSection(SolutionProperties) = preSolution
		HideSolutionNode = FALSE
	EndGlobalSection
EndGlobal
